
Microsoft Visual Studio Solution File, Format Version 12.00
# Visual Studio Version 16
VisualStudioVersion = 16.0.33423.256
MinimumVisualStudioVersion = 10.0.40219.1
Project("{FAE04EC0-301F-11D3-BF4B-00C04F79EFBC}") = "Web_MVC", "Web_MVC\Web_MVC.csproj", "{3569890F-23A0-4D8D-ABDA-7F309B3A26B4}"
EndProject
Global
	GlobalSection(SolutionConfigurationPlatforms) = preSolution
		Debug|Any CPU = Debug|Any CPU
		Release|Any CPU = Release|Any CPU
	EndGlobalSection
	GlobalSection(ProjectConfigurationPlatforms) = postSolution
		{3569890F-23A0-4D8D-ABDA-7F309B3A26B4}.Debug|Any CPU.ActiveCfg = Debug|Any CPU
		{3569890F-23A0-4D8D-ABDA-7F309B3A26B4}.Debug|Any CPU.Build.0 = Debug|Any CPU
		{3569890F-23A0-4D8D-ABDA-7F309B3A26B4}.Release|Any CPU.ActiveCfg = Release|Any CPU
		{3569890F-23A0-4D8D-ABDA-7F309B3A26B4}.Release|Any CPU.Build.0 = Release|Any CPU
	EndGlobalSection
	GlobalSection(SolutionProperties) = preSolution
		HideSolutionNode = FALSE
	EndGlobalSection
	GlobalSection(ExtensibilityGlobals) = postSolution
		SolutionGuid = {D2C873A0-6C5D-4C30-B368-99D6F8B8133F}
	EndGlobalSection
EndGlobal
